
Microsoft Visual Studio Solution File, Format Version 12.00
# Visual Studio Version 17
VisualStudioVersion = 17.11.35327.3
MinimumVisualStudioVersion = 10.0.40219.1
Project("{9A19103F-16F7-4668-BE54-9A1E7A4F7556}") = "TestTrade", "TestTrade\TestTrade.csproj", "{9F212FED-55D8-47E0-9217-F6B3EA8E3669}"
EndProject
Project("{9A19103F-16F7-4668-BE54-9A1E7A4F7556}") = "ConnectorBinanceLibrary.Tests", "ConnectorBinance.Tests\ConnectorBinanceLibrary.Tests.csproj", "{4433CCCD-F733-4244-851F-8ABC8EDCF174}"
EndProject
Project("{9A19103F-16F7-4668-BE54-9A1E7A4F7556}") = "ConsoleTestProject", "ConsoleTestProject\ConsoleTestProject.csproj", "{429272D2-2033-4217-9440-35B7F463C959}"
EndProject
Project("{FAE04EC0-301F-11D3-BF4B-00C04F79EFBC}") = "ConnectorBinanceUI", "ConnectorBinanceUI\ConnectorBinanceUI.csproj", "{71A18FD0-4FA0-49C6-8306-6BFE49D49D5F}"
EndProject
Global
	GlobalSection(SolutionConfigurationPlatforms) = preSolution
		Debug|Any CPU = Debug|Any CPU
		Release|Any CPU = Release|Any CPU
	EndGlobalSection
	GlobalSection(ProjectConfigurationPlatforms) = postSolution
		{9F212FED-55D8-47E0-9217-F6B3EA8E3669}.Debug|Any CPU.ActiveCfg = Debug|Any CPU
		{9F212FED-55D8-47E0-9217-F6B3EA8E3669}.Debug|Any CPU.Build.0 = Debug|Any CPU
		{9F212FED-55D8-47E0-9217-F6B3EA8E3669}.Release|Any CPU.ActiveCfg = Release|Any CPU
		{9F212FED-55D8-47E0-9217-F6B3EA8E3669}.Release|Any CPU.Build.0 = Release|Any CPU
		{4433CCCD-F733-4244-851F-8ABC8EDCF174}.Debug|Any CPU.ActiveCfg = Debug|Any CPU
		{4433CCCD-F733-4244-851F-8ABC8EDCF174}.Debug|Any CPU.Build.0 = Debug|Any CPU
		{4433CCCD-F733-4244-851F-8ABC8EDCF174}.Release|Any CPU.ActiveCfg = Release|Any CPU
		{4433CCCD-F733-4244-851F-8ABC8EDCF174}.Release|Any CPU.Build.0 = Release|Any CPU
		{429272D2-2033-4217-9440-35B7F463C959}.Debug|Any CPU.ActiveCfg = Debug|Any CPU
		{429272D2-2033-4217-9440-35B7F463C959}.Debug|Any CPU.Build.0 = Debug|Any CPU
		{429272D2-2033-4217-9440-35B7F463C959}.Release|Any CPU.ActiveCfg = Release|Any CPU
		{429272D2-2033-4217-9440-35B7F463C959}.Release|Any CPU.Build.0 = Release|Any CPU
		{71A18FD0-4FA0-49C6-8306-6BFE49D49D5F}.Debug|Any CPU.ActiveCfg = Debug|Any CPU
		{71A18FD0-4FA0-49C6-8306-6BFE49D49D5F}.Debug|Any CPU.Build.0 = Debug|Any CPU
		{71A18FD0-4FA0-49C6-8306-6BFE49D49D5F}.Release|Any CPU.ActiveCfg = Release|Any CPU
		{71A18FD0-4FA0-49C6-8306-6BFE49D49D5F}.Release|Any CPU.Build.0 = Release|Any CPU
	EndGlobalSection
	GlobalSection(SolutionProperties) = preSolution
		HideSolutionNode = FALSE
	EndGlobalSection
	GlobalSection(ExtensibilityGlobals) = postSolution
		SolutionGuid = {1D673D85-C10E-4824-BA74-32B745B269A7}
	EndGlobalSection
EndGlobal
